
Microsoft Visual Studio Solution File, Format Version 12.00
# Visual Studio 15
VisualStudioVersion = 15.0.27703.2000
MinimumVisualStudioVersion = 10.0.40219.1
Project("{FAE04EC0-301F-11D3-BF4B-00C04F79EFBC}") = "WeatherApp.Android", "WeatherApp\WeatherApp.Android\WeatherApp.Android.csproj", "{9E74DDB9-2537-4A5A-8FAB-2BD3E6739268}"
EndProject
Project("{FAE04EC0-301F-11D3-BF4B-00C04F79EFBC}") = "WeatherApp.iOS", "WeatherApp\WeatherApp.iOS\WeatherApp.iOS.csproj", "{FAEAACE5-8C0F-48F5-BCE8-D5BC26FB61CD}"
EndProject
Project("{FAE04EC0-301F-11D3-BF4B-00C04F79EFBC}") = "WeatherApp.UWP", "WeatherApp\WeatherApp.UWP\WeatherApp.UWP.csproj", "{AEAB2A3F-561C-4F4F-992C-46C3C4D71BED}"
EndProject
Project("{FAE04EC0-301F-11D3-BF4B-00C04F79EFBC}") = "WeatherApp", "WeatherApp\WeatherApp\WeatherApp.csproj", "{AF176ECF-E88D-4B80-BD3E-C64413FAB5CE}"
EndProject
Global
	GlobalSection(SolutionConfigurationPlatforms) = preSolution
		Ad-Hoc|Any CPU = Ad-Hoc|Any CPU
		Ad-Hoc|ARM = Ad-Hoc|ARM
		Ad-Hoc|iPhone = Ad-Hoc|iPhone
		Ad-Hoc|iPhoneSimulator = Ad-Hoc|iPhoneSimulator
		Ad-Hoc|x64 = Ad-Hoc|x64
		Ad-Hoc|x86 = Ad-Hoc|x86
		AppStore|Any CPU = AppStore|Any CPU
		AppStore|ARM = AppStore|ARM
		AppStore|iPhone = AppStore|iPhone
		AppStore|iPhoneSimulator = AppStore|iPhoneSimulator
		AppStore|x64 = AppStore|x64
		AppStore|x86 = AppStore|x86
		Debug|Any CPU = Debug|Any CPU
		Debug|ARM = Debug|ARM
		Debug|iPhone = Debug|iPhone
		Debug|iPhoneSimulator = Debug|iPhoneSimulator
		Debug|x64 = Debug|x64
		Debug|x86 = Debug|x86
		Release|Any CPU = Release|Any CPU
		Release|ARM = Release|ARM
		Release|iPhone = Release|iPhone
		Release|iPhoneSimulator = Release|iPhoneSimulator
		Release|x64 = Release|x64
		Release|x86 = Release|x86
	EndGlobalSection
	GlobalSection(ProjectConfigurationPlatforms) = postSolution
		{9E74DDB9-2537-4A5A-8FAB-2BD3E6739268}.Ad-Hoc|Any CPU.ActiveCfg = Release|Any CPU
		{9E74DDB9-2537-4A5A-8FAB-2BD3E6739268}.Ad-Hoc|Any CPU.Build.0 = Release|Any CPU
		{9E74DDB9-2537-4A5A-8FAB-2BD3E6739268}.Ad-Hoc|Any CPU.Deploy.0 = Release|Any CPU
		{9E74DDB9-2537-4A5A-8FAB-2BD3E6739268}.Ad-Hoc|ARM.ActiveCfg = Release|Any CPU
		{9E74DDB9-2537-4A5A-8FAB-2BD3E6739268}.Ad-Hoc|ARM.Build.0 = Release|Any CPU
		{9E74DDB9-2537-4A5A-8FAB-2BD3E6739268}.Ad-Hoc|ARM.Deploy.0 = Release|Any CPU
		{9E74DDB9-2537-4A5A-8FAB-2BD3E6739268}.Ad-Hoc|iPhone.ActiveCfg = Release|Any CPU
		{9E74DDB9-2537-4A5A-8FAB-2BD3E6739268}.Ad-Hoc|iPhone.Build.0 = Release|Any CPU
		{9E74DDB9-2537-4A5A-8FAB-2BD3E6739268}.Ad-Hoc|iPhone.Deploy.0 = Release|Any CPU
		{9E74DDB9-2537-4A5A-8FAB-2BD3E6739268}.Ad-Hoc|iPhoneSimulator.ActiveCfg = Release|Any CPU
		{9E74DDB9-2537-4A5A-8FAB-2BD3E6739268}.Ad-Hoc|iPhoneSimulator.Build.0 = Release|Any CPU
		{9E74DDB9-2537-4A5A-8FAB-2BD3E6739268}.Ad-Hoc|iPhoneSimulator.Deploy.0 = Release|Any CPU
		{9E74DDB9-2537-4A5A-8FAB-2BD3E6739268}.Ad-Hoc|x64.ActiveCfg = Release|Any CPU
		{9E74DDB9-2537-4A5A-8FAB-2BD3E6739268}.Ad-Hoc|x64.Build.0 = Release|Any CPU
		{9E74DDB9-2537-4A5A-8FAB-2BD3E6739268}.Ad-Hoc|x64.Deploy.0 = Release|Any CPU
		{9E74DDB9-2537-4A5A-8FAB-2BD3E6739268}.Ad-Hoc|x86.ActiveCfg = Release|Any CPU
		{9E74DDB9-2537-4A5A-8FAB-2BD3E6739268}.Ad-Hoc|x86.Build.0 = Release|Any CPU
		{9E74DDB9-2537-4A5A-8FAB-2BD3E6739268}.Ad-Hoc|x86.Deploy.0 = Release|Any CPU
		{9E74DDB9-2537-4A5A-8FAB-2BD3E6739268}.AppStore|Any CPU.ActiveCfg = Release|Any CPU
		{9E74DDB9-2537-4A5A-8FAB-2BD3E6739268}.AppStore|Any CPU.Build.0 = Release|Any CPU
		{9E74DDB9-2537-4A5A-8FAB-2BD3E6739268}.AppStore|Any CPU.Deploy.0 = Release|Any CPU
		{9E74DDB9-2537-4A5A-8FAB-2BD3E6739268}.AppStore|ARM.ActiveCfg = Release|Any CPU
		{9E74DDB9-2537-4A5A-8FAB-2BD3E6739268}.AppStore|ARM.Build.0 = Release|Any CPU
		{9E74DDB9-2537-4A5A-8FAB-2BD3E6739268}.AppStore|ARM.Deploy.0 = Release|Any CPU
		{9E74DDB9-2537-4A5A-8FAB-2BD3E6739268}.AppStore|iPhone.ActiveCfg = Release|Any CPU
		{9E74DDB9-2537-4A5A-8FAB-2BD3E6739268}.AppStore|iPhone.Build.0 = Release|Any CPU
		{9E74DDB9-2537-4A5A-8FAB-2BD3E6739268}.AppStore|iPhone.Deploy.0 = Release|Any CPU
		{9E74DDB9-2537-4A5A-8FAB-2BD3E6739268}.AppStore|iPhoneSimulator.ActiveCfg = Release|Any CPU
		{9E74DDB9-2537-4A5A-8FAB-2BD3E6739268}.AppStore|iPhoneSimulator.Build.0 = Release|Any CPU
		{9E74DDB9-2537-4A5A-8FAB-2BD3E6739268}.AppStore|iPhoneSimulator.Deploy.0 = Release|Any CPU
		{9E74DDB9-2537-4A5A-8FAB-2BD3E6739268}.AppStore|x64.ActiveCfg = Release|Any CPU
		{9E74DDB9-2537-4A5A-8FAB-2BD3E6739268}.AppStore|x64.Build.0 = Release|Any CPU
		{9E74DDB9-2537-4A5A-8FAB-2BD3E6739268}.AppStore|x64.Deploy.0 = Release|Any CPU
		{9E74DDB9-2537-4A5A-8FAB-2BD3E6739268}.AppStore|x86.ActiveCfg = Release|Any CPU
		{9E74DDB9-2537-4A5A-8FAB-2BD3E6739268}.AppStore|x86.Build.0 = Release|Any CPU
		{9E74DDB9-2537-4A5A-8FAB-2BD3E6739268}.AppStore|x86.Deploy.0 = Release|Any CPU
		{9E74DDB9-2537-4A5A-8FAB-2BD3E6739268}.Debug|Any CPU.ActiveCfg = Debug|Any CPU
		{9E74DDB9-2537-4A5A-8FAB-2BD3E6739268}.Debug|Any CPU.Build.0 = Debug|Any CPU
		{9E74DDB9-2537-4A5A-8FAB-2BD3E6739268}.Debug|Any CPU.Deploy.0 = Debug|Any CPU
		{9E74DDB9-2537-4A5A-8FAB-2BD3E6739268}.Debug|ARM.ActiveCfg = Debug|Any CPU
		{9E74DDB9-2537-4A5A-8FAB-2BD3E6739268}.Debug|ARM.Build.0 = Debug|Any CPU
		{9E74DDB9-2537-4A5A-8FAB-2BD3E6739268}.Debug|ARM.Deploy.0 = Debug|Any CPU
		{9E74DDB9-2537-4A5A-8FAB-2BD3E6739268}.Debug|iPhone.ActiveCfg = Debug|Any CPU
		{9E74DDB9-2537-4A5A-8FAB-2BD3E6739268}.Debug|iPhone.Build.0 = Debug|Any CPU
		{9E74DDB9-2537-4A5A-8FAB-2BD3E6739268}.Debug|iPhone.Deploy.0 = Debug|Any CPU
		{9E74DDB9-2537-4A5A-8FAB-2BD3E6739268}.Debug|iPhoneSimulator.ActiveCfg = Debug|Any CPU
		{9E74DDB9-2537-4A5A-8FAB-2BD3E6739268}.Debug|iPhoneSimulator.Build.0 = Debug|Any CPU
		{9E74DDB9-2537-4A5A-8FAB-2BD3E6739268}.Debug|iPhoneSimulator.Deploy.0 = Debug|Any CPU
		{9E74DDB9-2537-4A5A-8FAB-2BD3E6739268}.Debug|x64.ActiveCfg = Debug|Any CPU
		{9E74DDB9-2537-4A5A-8FAB-2BD3E6739268}.Debug|x64.Build.0 = Debug|Any CPU
		{9E74DDB9-2537-4A5A-8FAB-2BD3E6739268}.Debug|x64.Deploy.0 = Debug|Any CPU
		{9E74DDB9-2537-4A5A-8FAB-2BD3E6739268}.Debug|x86.ActiveCfg = Debug|Any CPU
		{9E74DDB9-2537-4A5A-8FAB-2BD3E6739268}.Debug|x86.Build.0 = Debug|Any CPU
		{9E74DDB9-2537-4A5A-8FAB-2BD3E6739268}.Debug|x86.Deploy.0 = Debug|Any CPU
		{9E74DDB9-2537-4A5A-8FAB-2BD3E6739268}.Release|Any CPU.ActiveCfg = Release|Any CPU
		{9E74DDB9-2537-4A5A-8FAB-2BD3E6739268}.Release|Any CPU.Build.0 = Release|Any CPU
		{9E74DDB9-2537-4A5A-8FAB-2BD3E6739268}.Release|Any CPU.Deploy.0 = Release|Any CPU
		{9E74DDB9-2537-4A5A-8FAB-2BD3E6739268}.Release|ARM.ActiveCfg = Release|Any CPU
		{9E74DDB9-2537-4A5A-8FAB-2BD3E6739268}.Release|ARM.Build.0 = Release|Any CPU
		{9E74DDB9-2537-4A5A-8FAB-2BD3E6739268}.Release|ARM.Deploy.0 = Release|Any CPU
		{9E74DDB9-2537-4A5A-8FAB-2BD3E6739268}.Release|iPhone.ActiveCfg = Release|Any CPU
		{9E74DDB9-2537-4A5A-8FAB-2BD3E6739268}.Release|iPhone.Build.0 = Release|Any CPU
		{9E74DDB9-2537-4A5A-8FAB-2BD3E6739268}.Release|iPhone.Deploy.0 = Release|Any CPU
		{9E74DDB9-2537-4A5A-8FAB-2BD3E6739268}.Release|iPhoneSimulator.ActiveCfg = Release|Any CPU
		{9E74DDB9-2537-4A5A-8FAB-2BD3E6739268}.Release|iPhoneSimulator.Build.0 = Release|Any CPU
		{9E74DDB9-2537-4A5A-8FAB-2BD3E6739268}.Release|iPhoneSimulator.Deploy.0 = Release|Any CPU
		{9E74DDB9-2537-4A5A-8FAB-2BD3E6739268}.Release|x64.ActiveCfg = Release|Any CPU
		{9E74DDB9-2537-4A5A-8FAB-2BD3E6739268}.Release|x64.Build.0 = Release|Any CPU
		{9E74DDB9-2537-4A5A-8FAB-2BD3E6739268}.Release|x64.Deploy.0 = Release|Any CPU
		{9E74DDB9-2537-4A5A-8FAB-2BD3E6739268}.Release|x86.ActiveCfg = Release|Any CPU
		{9E74DDB9-2537-4A5A-8FAB-2BD3E6739268}.Release|x86.Build.0 = Release|Any CPU
		{9E74DDB9-2537-4A5A-8FAB-2BD3E6739268}.Release|x86.Deploy.0 = Release|Any CPU
		{FAEAACE5-8C0F-48F5-BCE8-D5BC26FB61CD}.Ad-Hoc|Any CPU.ActiveCfg = Ad-Hoc|iPhone
		{FAEAACE5-8C0F-48F5-BCE8-D5BC26FB61CD}.Ad-Hoc|Any CPU.Build.0 = Ad-Hoc|iPhone
		{FAEAACE5-8C0F-48F5-BCE8-D5BC26FB61CD}.Ad-Hoc|Any CPU.Deploy.0 = Ad-Hoc|iPhone
		{FAEAACE5-8C0F-48F5-BCE8-D5BC26FB61CD}.Ad-Hoc|ARM.ActiveCfg = Ad-Hoc|iPhone
		{FAEAACE5-8C0F-48F5-BCE8-D5BC26FB61CD}.Ad-Hoc|ARM.Build.0 = Ad-Hoc|iPhone
		{FAEAACE5-8C0F-48F5-BCE8-D5BC26FB61CD}.Ad-Hoc|ARM.Deploy.0 = Ad-Hoc|iPhone
		{FAEAACE5-8C0F-48F5-BCE8-D5BC26FB61CD}.Ad-Hoc|iPhone.ActiveCfg = Ad-Hoc|iPhone
		{FAEAACE5-8C0F-48F5-BCE8-D5BC26FB61CD}.Ad-Hoc|iPhone.Build.0 = Ad-Hoc|iPhone
		{FAEAACE5-8C0F-48F5-BCE8-D5BC26FB61CD}.Ad-Hoc|iPhone.Deploy.0 = Ad-Hoc|iPhone
		{FAEAACE5-8C0F-48F5-BCE8-D5BC26FB61CD}.Ad-Hoc|iPhoneSimulator.ActiveCfg = Ad-Hoc|iPhoneSimulator
		{FAEAACE5-8C0F-48F5-BCE8-D5BC26FB61CD}.Ad-Hoc|iPhoneSimulator.Build.0 = Ad-Hoc|iPhoneSimulator
		{FAEAACE5-8C0F-48F5-BCE8-D5BC26FB61CD}.Ad-Hoc|iPhoneSimulator.Deploy.0 = Ad-Hoc|iPhoneSimulator
		{FAEAACE5-8C0F-48F5-BCE8-D5BC26FB61CD}.Ad-Hoc|x64.ActiveCfg = Ad-Hoc|iPhone
		{FAEAACE5-8C0F-48F5-BCE8-D5BC26FB61CD}.Ad-Hoc|x64.Build.0 = Ad-Hoc|iPhone
		{FAEAACE5-8C0F-48F5-BCE8-D5BC26FB61CD}.Ad-Hoc|x64.Deploy.0 = Ad-Hoc|iPhone
		{FAEAACE5-8C0F-48F5-BCE8-D5BC26FB61CD}.Ad-Hoc|x86.ActiveCfg = Ad-Hoc|iPhone
		{FAEAACE5-8C0F-48F5-BCE8-D5BC26FB61CD}.Ad-Hoc|x86.Build.0 = Ad-Hoc|iPhone
		{FAEAACE5-8C0F-48F5-BCE8-D5BC26FB61CD}.Ad-Hoc|x86.Deploy.0 = Ad-Hoc|iPhone
		{FAEAACE5-8C0F-48F5-BCE8-D5BC26FB61CD}.AppStore|Any CPU.ActiveCfg = AppStore|iPhone
		{FAEAACE5-8C0F-48F5-BCE8-D5BC26FB61CD}.AppStore|Any CPU.Build.0 = AppStore|iPhone
		{FAEAACE5-8C0F-48F5-BCE8-D5BC26FB61CD}.AppStore|Any CPU.Deploy.0 = AppStore|iPhone
		{FAEAACE5-8C0F-48F5-BCE8-D5BC26FB61CD}.AppStore|ARM.ActiveCfg = AppStore|iPhone
		{FAEAACE5-8C0F-48F5-BCE8-D5BC26FB61CD}.AppStore|ARM.Build.0 = AppStore|iPhone
		{FAEAACE5-8C0F-48F5-BCE8-D5BC26FB61CD}.AppStore|ARM.Deploy.0 = AppStore|iPhone
		{FAEAACE5-8C0F-48F5-BCE8-D5BC26FB61CD}.AppStore|iPhone.ActiveCfg = AppStore|iPhone
		{FAEAACE5-8C0F-48F5-BCE8-D5BC26FB61CD}.AppStore|iPhone.Build.0 = AppStore|iPhone
		{FAEAACE5-8C0F-48F5-BCE8-D5BC26FB61CD}.AppStore|iPhone.Deploy.0 = AppStore|iPhone
		{FAEAACE5-8C0F-48F5-BCE8-D5BC26FB61CD}.AppStore|iPhoneSimulator.ActiveCfg = AppStore|iPhoneSimulator
		{FAEAACE5-8C0F-48F5-BCE8-D5BC26FB61CD}.AppStore|iPhoneSimulator.Build.0 = AppStore|iPhoneSimulator
		{FAEAACE5-8C0F-48F5-BCE8-D5BC26FB61CD}.AppStore|iPhoneSimulator.Deploy.0 = AppStore|iPhoneSimulator
		{FAEAACE5-8C0F-48F5-BCE8-D5BC26FB61CD}.AppStore|x64.ActiveCfg = AppStore|iPhone
		{FAEAACE5-8C0F-48F5-BCE8-D5BC26FB61CD}.AppStore|x64.Build.0 = AppStore|iPhone
		{FAEAACE5-8C0F-48F5-BCE8-D5BC26FB61CD}.AppStore|x64.Deploy.0 = AppStore|iPhone
		{FAEAACE5-8C0F-48F5-BCE8-D5BC26FB61CD}.AppStore|x86.ActiveCfg = AppStore|iPhone
		{FAEAACE5-8C0F-48F5-BCE8-D5BC26FB61CD}.AppStore|x86.Build.0 = AppStore|iPhone
		{FAEAACE5-8C0F-48F5-BCE8-D5BC26FB61CD}.AppStore|x86.Deploy.0 = AppStore|iPhone
		{FAEAACE5-8C0F-48F5-BCE8-D5BC26FB61CD}.Debug|Any CPU.ActiveCfg = Debug|iPhoneSimulator
		{FAEAACE5-8C0F-48F5-BCE8-D5BC26FB61CD}.Debug|Any CPU.Build.0 = Debug|iPhoneSimulator
		{FAEAACE5-8C0F-48F5-BCE8-D5BC26FB61CD}.Debug|Any CPU.Deploy.0 = Debug|iPhoneSimulator
		{FAEAACE5-8C0F-48F5-BCE8-D5BC26FB61CD}.Debug|ARM.ActiveCfg = Debug|iPhone
		{FAEAACE5-8C0F-48F5-BCE8-D5BC26FB61CD}.Debug|ARM.Build.0 = Debug|iPhone
		{FAEAACE5-8C0F-48F5-BCE8-D5BC26FB61CD}.Debug|ARM.Deploy.0 = Debug|iPhone
		{FAEAACE5-8C0F-48F5-BCE8-D5BC26FB61CD}.Debug|iPhone.ActiveCfg = Debug|iPhone
		{FAEAACE5-8C0F-48F5-BCE8-D5BC26FB61CD}.Debug|iPhone.Build.0 = Debug|iPhone
		{FAEAACE5-8C0F-48F5-BCE8-D5BC26FB61CD}.Debug|iPhone.Deploy.0 = Debug|iPhone
		{FAEAACE5-8C0F-48F5-BCE8-D5BC26FB61CD}.Debug|iPhoneSimulator.ActiveCfg = Debug|iPhoneSimulator
		{FAEAACE5-8C0F-48F5-BCE8-D5BC26FB61CD}.Debug|iPhoneSimulator.Build.0 = Debug|iPhoneSimulator
		{FAEAACE5-8C0F-48F5-BCE8-D5BC26FB61CD}.Debug|iPhoneSimulator.Deploy.0 = Debug|iPhoneSimulator
		{FAEAACE5-8C0F-48F5-BCE8-D5BC26FB61CD}.Debug|x64.ActiveCfg = Debug|iPhone
		{FAEAACE5-8C0F-48F5-BCE8-D5BC26FB61CD}.Debug|x64.Build.0 = Debug|iPhone
		{FAEAACE5-8C0F-48F5-BCE8-D5BC26FB61CD}.Debug|x64.Deploy.0 = Debug|iPhone
		{FAEAACE5-8C0F-48F5-BCE8-D5BC26FB61CD}.Debug|x86.ActiveCfg = Debug|iPhone
		{FAEAACE5-8C0F-48F5-BCE8-D5BC26FB61CD}.Debug|x86.Build.0 = Debug|iPhone
		{FAEAACE5-8C0F-48F5-BCE8-D5BC26FB61CD}.Debug|x86.Deploy.0 = Debug|iPhone
		{FAEAACE5-8C0F-48F5-BCE8-D5BC26FB61CD}.Release|Any CPU.ActiveCfg = Release|iPhone
		{FAEAACE5-8C0F-48F5-BCE8-D5BC26FB61CD}.Release|Any CPU.Build.0 = Release|iPhone
		{FAEAACE5-8C0F-48F5-BCE8-D5BC26FB61CD}.Release|Any CPU.Deploy.0 = Release|iPhone
		{FAEAACE5-8C0F-48F5-BCE8-D5BC26FB61CD}.Release|ARM.ActiveCfg = Release|iPhone
		{FAEAACE5-8C0F-48F5-BCE8-D5BC26FB61CD}.Release|ARM.Build.0 = Release|iPhone
		{FAEAACE5-8C0F-48F5-BCE8-D5BC26FB61CD}.Release|ARM.Deploy.0 = Release|iPhone
		{FAEAACE5-8C0F-48F5-BCE8-D5BC26FB61CD}.Release|iPhone.ActiveCfg = Release|iPhone
		{FAEAACE5-8C0F-48F5-BCE8-D5BC26FB61CD}.Release|iPhone.Build.0 = Release|iPhone
		{FAEAACE5-8C0F-48F5-BCE8-D5BC26FB61CD}.Release|iPhone.Deploy.0 = Release|iPhone
		{FAEAACE5-8C0F-48F5-BCE8-D5BC26FB61CD}.Release|iPhoneSimulator.ActiveCfg = Release|iPhoneSimulator
		{FAEAACE5-8C0F-48F5-BCE8-D5BC26FB61CD}.Release|iPhoneSimulator.Build.0 = Release|iPhoneSimulator
		{FAEAACE5-8C0F-48F5-BCE8-D5BC26FB61CD}.Release|iPhoneSimulator.Deploy.0 = Release|iPhoneSimulator
		{FAEAACE5-8C0F-48F5-BCE8-D5BC26FB61CD}.Release|x64.ActiveCfg = Release|iPhone
		{FAEAACE5-8C0F-48F5-BCE8-D5BC26FB61CD}.Release|x64.Build.0 = Release|iPhone
		{FAEAACE5-8C0F-48F5-BCE8-D5BC26FB61CD}.Release|x64.Deploy.0 = Release|iPhone
		{FAEAACE5-8C0F-48F5-BCE8-D5BC26FB61CD}.Release|x86.ActiveCfg = Release|iPhone
		{FAEAACE5-8C0F-48F5-BCE8-D5BC26FB61CD}.Release|x86.Build.0 = Release|iPhone
		{FAEAACE5-8C0F-48F5-BCE8-D5BC26FB61CD}.Release|x86.Deploy.0 = Release|iPhone
		{AEAB2A3F-561C-4F4F-992C-46C3C4D71BED}.Ad-Hoc|Any CPU.ActiveCfg = Release|x86
		{AEAB2A3F-561C-4F4F-992C-46C3C4D71BED}.Ad-Hoc|Any CPU.Build.0 = Release|x86
		{AEAB2A3F-561C-4F4F-992C-46C3C4D71BED}.Ad-Hoc|Any CPU.Deploy.0 = Release|x86
		{AEAB2A3F-561C-4F4F-992C-46C3C4D71BED}.Ad-Hoc|ARM.ActiveCfg = Release|ARM
		{AEAB2A3F-561C-4F4F-992C-46C3C4D71BED}.Ad-Hoc|ARM.Build.0 = Release|ARM
		{AEAB2A3F-561C-4F4F-992C-46C3C4D71BED}.Ad-Hoc|ARM.Deploy.0 = Release|ARM
		{AEAB2A3F-561C-4F4F-992C-46C3C4D71BED}.Ad-Hoc|iPhone.ActiveCfg = Release|x86
		{AEAB2A3F-561C-4F4F-992C-46C3C4D71BED}.Ad-Hoc|iPhone.Build.0 = Release|x86
		{AEAB2A3F-561C-4F4F-992C-46C3C4D71BED}.Ad-Hoc|iPhone.Deploy.0 = Release|x86
		{AEAB2A3F-561C-4F4F-992C-46C3C4D71BED}.Ad-Hoc|iPhoneSimulator.ActiveCfg = Release|x86
		{AEAB2A3F-561C-4F4F-992C-46C3C4D71BED}.Ad-Hoc|iPhoneSimulator.Build.0 = Release|x86
		{AEAB2A3F-561C-4F4F-992C-46C3C4D71BED}.Ad-Hoc|iPhoneSimulator.Deploy.0 = Release|x86
		{AEAB2A3F-561C-4F4F-992C-46C3C4D71BED}.Ad-Hoc|x64.ActiveCfg = Release|x64
		{AEAB2A3F-561C-4F4F-992C-46C3C4D71BED}.Ad-Hoc|x64.Build.0 = Release|x64
		{AEAB2A3F-561C-4F4F-992C-46C3C4D71BED}.Ad-Hoc|x64.Deploy.0 = Release|x64
		{AEAB2A3F-561C-4F4F-992C-46C3C4D71BED}.Ad-Hoc|x86.ActiveCfg = Release|x86
		{AEAB2A3F-561C-4F4F-992C-46C3C4D71BED}.Ad-Hoc|x86.Build.0 = Release|x86
		{AEAB2A3F-561C-4F4F-992C-46C3C4D71BED}.Ad-Hoc|x86.Deploy.0 = Release|x86
		{AEAB2A3F-561C-4F4F-992C-46C3C4D71BED}.AppStore|Any CPU.ActiveCfg = Release|x86
		{AEAB2A3F-561C-4F4F-992C-46C3C4D71BED}.AppStore|Any CPU.Build.0 = Release|x86
		{AEAB2A3F-561C-4F4F-992C-46C3C4D71BED}.AppStore|Any CPU.Deploy.0 = Release|x86
		{AEAB2A3F-561C-4F4F-992C-46C3C4D71BED}.AppStore|ARM.ActiveCfg = Release|ARM
		{AEAB2A3F-561C-4F4F-992C-46C3C4D71BED}.AppStore|ARM.Build.0 = Release|ARM
		{AEAB2A3F-561C-4F4F-992C-46C3C4D71BED}.AppStore|ARM.Deploy.0 = Release|ARM
		{AEAB2A3F-561C-4F4F-992C-46C3C4D71BED}.AppStore|iPhone.ActiveCfg = Release|x86
		{AEAB2A3F-561C-4F4F-992C-46C3C4D71BED}.AppStore|iPhone.Build.0 = Release|x86
		{AEAB2A3F-561C-4F4F-992C-46C3C4D71BED}.AppStore|iPhone.Deploy.0 = Release|x86
		{AEAB2A3F-561C-4F4F-992C-46C3C4D71BED}.AppStore|iPhoneSimulator.ActiveCfg = Release|x86
		{AEAB2A3F-561C-4F4F-992C-46C3C4D71BED}.AppStore|iPhoneSimulator.Build.0 = Release|x86
		{AEAB2A3F-561C-4F4F-992C-46C3C4D71BED}.AppStore|iPhoneSimulator.Deploy.0 = Release|x86
		{AEAB2A3F-561C-4F4F-992C-46C3C4D71BED}.AppStore|x64.ActiveCfg = Release|x64
		{AEAB2A3F-561C-4F4F-992C-46C3C4D71BED}.AppStore|x64.Build.0 = Release|x64
		{AEAB2A3F-561C-4F4F-992C-46C3C4D71BED}.AppStore|x64.Deploy.0 = Release|x64
		{AEAB2A3F-561C-4F4F-992C-46C3C4D71BED}.AppStore|x86.ActiveCfg = Release|x86
		{AEAB2A3F-561C-4F4F-992C-46C3C4D71BED}.AppStore|x86.Build.0 = Release|x86
		{AEAB2A3F-561C-4F4F-992C-46C3C4D71BED}.AppStore|x86.Deploy.0 = Release|x86
		{AEAB2A3F-561C-4F4F-992C-46C3C4D71BED}.Debug|Any CPU.ActiveCfg = Debug|x86
		{AEAB2A3F-561C-4F4F-992C-46C3C4D71BED}.Debug|Any CPU.Build.0 = Debug|x86
		{AEAB2A3F-561C-4F4F-992C-46C3C4D71BED}.Debug|Any CPU.Deploy.0 = Debug|x86
		{AEAB2A3F-561C-4F4F-992C-46C3C4D71BED}.Debug|ARM.ActiveCfg = Debug|ARM
		{AEAB2A3F-561C-4F4F-992C-46C3C4D71BED}.Debug|ARM.Build.0 = Debug|ARM
		{AEAB2A3F-561C-4F4F-992C-46C3C4D71BED}.Debug|ARM.Deploy.0 = Debug|ARM
		{AEAB2A3F-561C-4F4F-992C-46C3C4D71BED}.Debug|iPhone.ActiveCfg = Debug|x86
		{AEAB2A3F-561C-4F4F-992C-46C3C4D71BED}.Debug|iPhone.Build.0 = Debug|x86
		{AEAB2A3F-561C-4F4F-992C-46C3C4D71BED}.Debug|iPhone.Deploy.0 = Debug|x86
		{AEAB2A3F-561C-4F4F-992C-46C3C4D71BED}.Debug|iPhoneSimulator.ActiveCfg = Debug|x86
		{AEAB2A3F-561C-4F4F-992C-46C3C4D71BED}.Debug|iPhoneSimulator.Build.0 = Debug|x86
		{AEAB2A3F-561C-4F4F-992C-46C3C4D71BED}.Debug|iPhoneSimulator.Deploy.0 = Debug|x86
		{AEAB2A3F-561C-4F4F-992C-46C3C4D71BED}.Debug|x64.ActiveCfg = Debug|x64
		{AEAB2A3F-561C-4F4F-992C-46C3C4D71BED}.Debug|x64.Build.0 = Debug|x64
		{AEAB2A3F-561C-4F4F-992C-46C3C4D71BED}.Debug|x64.Deploy.0 = Debug|x64
		{AEAB2A3F-561C-4F4F-992C-46C3C4D71BED}.Debug|x86.ActiveCfg = Debug|x86
		{AEAB2A3F-561C-4F4F-992C-46C3C4D71BED}.Debug|x86.Build.0 = Debug|x86
		{AEAB2A3F-561C-4F4F-992C-46C3C4D71BED}.Debug|x86.Deploy.0 = Debug|x86
		{AEAB2A3F-561C-4F4F-992C-46C3C4D71BED}.Release|Any CPU.ActiveCfg = Release|x86
		{AEAB2A3F-561C-4F4F-992C-46C3C4D71BED}.Release|Any CPU.Build.0 = Release|x86
		{AEAB2A3F-561C-4F4F-992C-46C3C4D71BED}.Release|Any CPU.Deploy.0 = Release|x86
		{AEAB2A3F-561C-4F4F-992C-46C3C4D71BED}.Release|ARM.ActiveCfg = Release|ARM
		{AEAB2A3F-561C-4F4F-992C-46C3C4D71BED}.Release|ARM.Build.0 = Release|ARM
		{AEAB2A3F-561C-4F4F-992C-46C3C4D71BED}.Release|ARM.Deploy.0 = Release|ARM
		{AEAB2A3F-561C-4F4F-992C-46C3C4D71BED}.Release|iPhone.ActiveCfg = Release|x86
		{AEAB2A3F-561C-4F4F-992C-46C3C4D71BED}.Release|iPhone.Build.0 = Release|x86
		{AEAB2A3F-561C-4F4F-992C-46C3C4D71BED}.Release|iPhone.Deploy.0 = Release|x86
		{AEAB2A3F-561C-4F4F-992C-46C3C4D71BED}.Release|iPhoneSimulator.ActiveCfg = Release|x86
		{AEAB2A3F-561C-4F4F-992C-46C3C4D71BED}.Release|iPhoneSimulator.Build.0 = Release|x86
		{AEAB2A3F-561C-4F4F-992C-46C3C4D71BED}.Release|iPhoneSimulator.Deploy.0 = Release|x86
		{AEAB2A3F-561C-4F4F-992C-46C3C4D71BED}.Release|x64.ActiveCfg = Release|x64
		{AEAB2A3F-561C-4F4F-992C-46C3C4D71BED}.Release|x64.Build.0 = Release|x64
		{AEAB2A3F-561C-4F4F-992C-46C3C4D71BED}.Release|x64.Deploy.0 = Release|x64
		{AEAB2A3F-561C-4F4F-992C-46C3C4D71BED}.Release|x86.ActiveCfg = Release|x86
		{AEAB2A3F-561C-4F4F-992C-46C3C4D71BED}.Release|x86.Build.0 = Release|x86
		{AEAB2A3F-561C-4F4F-992C-46C3C4D71BED}.Release|x86.Deploy.0 = Release|x86
		{AF176ECF-E88D-4B80-BD3E-C64413FAB5CE}.Ad-Hoc|Any CPU.ActiveCfg = Debug|Any CPU
		{AF176ECF-E88D-4B80-BD3E-C64413FAB5CE}.Ad-Hoc|Any CPU.Build.0 = Debug|Any CPU
		{AF176ECF-E88D-4B80-BD3E-C64413FAB5CE}.Ad-Hoc|Any CPU.Deploy.0 = Debug|Any CPU
		{AF176ECF-E88D-4B80-BD3E-C64413FAB5CE}.Ad-Hoc|ARM.ActiveCfg = Debug|Any CPU
		{AF176ECF-E88D-4B80-BD3E-C64413FAB5CE}.Ad-Hoc|ARM.Build.0 = Debug|Any CPU
		{AF176ECF-E88D-4B80-BD3E-C64413FAB5CE}.Ad-Hoc|ARM.Deploy.0 = Debug|Any CPU
		{AF176ECF-E88D-4B80-BD3E-C64413FAB5CE}.Ad-Hoc|iPhone.ActiveCfg = Debug|Any CPU
		{AF176ECF-E88D-4B80-BD3E-C64413FAB5CE}.Ad-Hoc|iPhone.Build.0 = Debug|Any CPU
		{AF176ECF-E88D-4B80-BD3E-C64413FAB5CE}.Ad-Hoc|iPhone.Deploy.0 = Debug|Any CPU
		{AF176ECF-E88D-4B80-BD3E-C64413FAB5CE}.Ad-Hoc|iPhoneSimulator.ActiveCfg = Debug|Any CPU
		{AF176ECF-E88D-4B80-BD3E-C64413FAB5CE}.Ad-Hoc|iPhoneSimulator.Build.0 = Debug|Any CPU
		{AF176ECF-E88D-4B80-BD3E-C64413FAB5CE}.Ad-Hoc|iPhoneSimulator.Deploy.0 = Debug|Any CPU
		{AF176ECF-E88D-4B80-BD3E-C64413FAB5CE}.Ad-Hoc|x64.ActiveCfg = Debug|Any CPU
		{AF176ECF-E88D-4B80-BD3E-C64413FAB5CE}.Ad-Hoc|x64.Build.0 = Debug|Any CPU
		{AF176ECF-E88D-4B80-BD3E-C64413FAB5CE}.Ad-Hoc|x64.Deploy.0 = Debug|Any CPU
		{AF176ECF-E88D-4B80-BD3E-C64413FAB5CE}.Ad-Hoc|x86.ActiveCfg = Debug|Any CPU
		{AF176ECF-E88D-4B80-BD3E-C64413FAB5CE}.Ad-Hoc|x86.Build.0 = Debug|Any CPU
		{AF176ECF-E88D-4B80-BD3E-C64413FAB5CE}.Ad-Hoc|x86.Deploy.0 = Debug|Any CPU
		{AF176ECF-E88D-4B80-BD3E-C64413FAB5CE}.AppStore|Any CPU.ActiveCfg = Debug|Any CPU
		{AF176ECF-E88D-4B80-BD3E-C64413FAB5CE}.AppStore|Any CPU.Build.0 = Debug|Any CPU
		{AF176ECF-E88D-4B80-BD3E-C64413FAB5CE}.AppStore|Any CPU.Deploy.0 = Debug|Any CPU
		{AF176ECF-E88D-4B80-BD3E-C64413FAB5CE}.AppStore|ARM.ActiveCfg = Debug|Any CPU
		{AF176ECF-E88D-4B80-BD3E-C64413FAB5CE}.AppStore|ARM.Build.0 = Debug|Any CPU
		{AF176ECF-E88D-4B80-BD3E-C64413FAB5CE}.AppStore|ARM.Deploy.0 = Debug|Any CPU
		{AF176ECF-E88D-4B80-BD3E-C64413FAB5CE}.AppStore|iPhone.ActiveCfg = Debug|Any CPU
		{AF176ECF-E88D-4B80-BD3E-C64413FAB5CE}.AppStore|iPhone.Build.0 = Debug|Any CPU
		{AF176ECF-E88D-4B80-BD3E-C64413FAB5CE}.AppStore|iPhone.Deploy.0 = Debug|Any CPU
		{AF176ECF-E88D-4B80-BD3E-C64413FAB5CE}.AppStore|iPhoneSimulator.ActiveCfg = Debug|Any CPU
		{AF176ECF-E88D-4B80-BD3E-C64413FAB5CE}.AppStore|iPhoneSimulator.Build.0 = Debug|Any CPU
		{AF176ECF-E88D-4B80-BD3E-C64413FAB5CE}.AppStore|iPhoneSimulator.Deploy.0 = Debug|Any CPU
		{AF176ECF-E88D-4B80-BD3E-C64413FAB5CE}.AppStore|x64.ActiveCfg = Debug|Any CPU
		{AF176ECF-E88D-4B80-BD3E-C64413FAB5CE}.AppStore|x64.Build.0 = Debug|Any CPU
		{AF176ECF-E88D-4B80-BD3E-C64413FAB5CE}.AppStore|x64.Deploy.0 = Debug|Any CPU
		{AF176ECF-E88D-4B80-BD3E-C64413FAB5CE}.AppStore|x86.ActiveCfg = Debug|Any CPU
		{AF176ECF-E88D-4B80-BD3E-C64413FAB5CE}.AppStore|x86.Build.0 = Debug|Any CPU
		{AF176ECF-E88D-4B80-BD3E-C64413FAB5CE}.AppStore|x86.Deploy.0 = Debug|Any CPU
		{AF176ECF-E88D-4B80-BD3E-C64413FAB5CE}.Debug|Any CPU.ActiveCfg = Debug|Any CPU
		{AF176ECF-E88D-4B80-BD3E-C64413FAB5CE}.Debug|Any CPU.Build.0 = Debug|Any CPU
		{AF176ECF-E88D-4B80-BD3E-C64413FAB5CE}.Debug|Any CPU.Deploy.0 = Debug|Any CPU
		{AF176ECF-E88D-4B80-BD3E-C64413FAB5CE}.Debug|ARM.ActiveCfg = Debug|Any CPU
		{AF176ECF-E88D-4B80-BD3E-C64413FAB5CE}.Debug|ARM.Build.0 = Debug|Any CPU
		{AF176ECF-E88D-4B80-BD3E-C64413FAB5CE}.Debug|ARM.Deploy.0 = Debug|Any CPU
		{AF176ECF-E88D-4B80-BD3E-C64413FAB5CE}.Debug|iPhone.ActiveCfg = Debug|Any CPU
		{AF176ECF-E88D-4B80-BD3E-C64413FAB5CE}.Debug|iPhone.Build.0 = Debug|Any CPU
		{AF176ECF-E88D-4B80-BD3E-C64413FAB5CE}.Debug|iPhone.Deploy.0 = Debug|Any CPU
		{AF176ECF-E88D-4B80-BD3E-C64413FAB5CE}.Debug|iPhoneSimulator.ActiveCfg = Debug|Any CPU
		{AF176ECF-E88D-4B80-BD3E-C64413FAB5CE}.Debug|iPhoneSimulator.Build.0 = Debug|Any CPU
		{AF176ECF-E88D-4B80-BD3E-C64413FAB5CE}.Debug|iPhoneSimulator.Deploy.0 = Debug|Any CPU
		{AF176ECF-E88D-4B80-BD3E-C64413FAB5CE}.Debug|x64.ActiveCfg = Debug|Any CPU
		{AF176ECF-E88D-4B80-BD3E-C64413FAB5CE}.Debug|x64.Build.0 = Debug|Any CPU
		{AF176ECF-E88D-4B80-BD3E-C64413FAB5CE}.Debug|x64.Deploy.0 = Debug|Any CPU
		{AF176ECF-E88D-4B80-BD3E-C64413FAB5CE}.Debug|x86.ActiveCfg = Debug|Any CPU
		{AF176ECF-E88D-4B80-BD3E-C64413FAB5CE}.Debug|x86.Build.0 = Debug|Any CPU
		{AF176ECF-E88D-4B80-BD3E-C64413FAB5CE}.Debug|x86.Deploy.0 = Debug|Any CPU
		{AF176ECF-E88D-4B80-BD3E-C64413FAB5CE}.Release|Any CPU.ActiveCfg = Release|Any CPU
		{AF176ECF-E88D-4B80-BD3E-C64413FAB5CE}.Release|Any CPU.Build.0 = Release|Any CPU
		{AF176ECF-E88D-4B80-BD3E-C64413FAB5CE}.Release|Any CPU.Deploy.0 = Release|Any CPU
		{AF176ECF-E88D-4B80-BD3E-C64413FAB5CE}.Release|ARM.ActiveCfg = Release|Any CPU
		{AF176ECF-E88D-4B80-BD3E-C64413FAB5CE}.Release|ARM.Build.0 = Release|Any CPU
		{AF176ECF-E88D-4B80-BD3E-C64413FAB5CE}.Release|ARM.Deploy.0 = Release|Any CPU
		{AF176ECF-E88D-4B80-BD3E-C64413FAB5CE}.Release|iPhone.ActiveCfg = Release|Any CPU
		{AF176ECF-E88D-4B80-BD3E-C64413FAB5CE}.Release|iPhone.Build.0 = Release|Any CPU
		{AF176ECF-E88D-4B80-BD3E-C64413FAB5CE}.Release|iPhone.Deploy.0 = Release|Any CPU
		{AF176ECF-E88D-4B80-BD3E-C64413FAB5CE}.Release|iPhoneSimulator.ActiveCfg = Release|Any CPU
		{AF176ECF-E88D-4B80-BD3E-C64413FAB5CE}.Release|iPhoneSimulator.Build.0 = Release|Any CPU
		{AF176ECF-E88D-4B80-BD3E-C64413FAB5CE}.Release|iPhoneSimulator.Deploy.0 = Release|Any CPU
		{AF176ECF-E88D-4B80-BD3E-C64413FAB5CE}.Release|x64.ActiveCfg = Release|Any CPU
		{AF176ECF-E88D-4B80-BD3E-C64413FAB5CE}.Release|x64.Build.0 = Release|Any CPU
		{AF176ECF-E88D-4B80-BD3E-C64413FAB5CE}.Release|x64.Deploy.0 = Release|Any CPU
		{AF176ECF-E88D-4B80-BD3E-C64413FAB5CE}.Release|x86.ActiveCfg = Release|Any CPU
		{AF176ECF-E88D-4B80-BD3E-C64413FAB5CE}.Release|x86.Build.0 = Release|Any CPU
		{AF176ECF-E88D-4B80-BD3E-C64413FAB5CE}.Release|x86.Deploy.0 = Release|Any CPU
	EndGlobalSection
	GlobalSection(SolutionProperties) = preSolution
		HideSolutionNode = FALSE
	EndGlobalSection
	GlobalSection(ExtensibilityGlobals) = postSolution
		SolutionGuid = {958C4790-0089-46FB-80D5-BF5BEEB862A2}
	EndGlobalSection
EndGlobal
